// !$*UTF8*$!
{
	archiveVersion = 1;
	classes = {
	};
	objectVersion = 46;
	objects = {

/* Begin PBXGroup section */
		F77DA119176A8D3D00518BC3 = {
			isa = PBXGroup;
			children = (
			);
			sourceTree = "<group>";
		};
/* End PBXGroup section */

/* Begin PBXProject section */
		F77DA11A176A8D3D00518BC3 /* Project object */ = {
			isa = PBXProject;
			attributes = {
				LastUpgradeCheck = 0460;
			};
			buildConfigurationList = F77DA11D176A8D3D00518BC3 /* Build configuration list for PBXProject "SpaceExampleOpenGL" */;
			compatibilityVersion = "Xcode 3.2";
			developmentRegion = English;
			hasScannedForEncodings = 0;
			knownRegions = (
				en,
			);
			mainGroup = F77DA119176A8D3D00518BC3;
			projectDirPath = "";
			projectRoot = "";
			targets = (
			);
		};
/* End PBXProject section */

/* Begin XCBuildConfiguration section */
		F77DA11E176A8D3D00518BC3 /* Debug */ = {
			isa = XCBuildConfiguration;
			buildSettings = {
			};
			name = Debug;
		};
		F77DA11F176A8D3D00518BC3 /* Release */ = {
			isa = XCBuildConfiguration;
			buildSettings = {
			};
			name = Release;
		};
/* End XCBuildConfiguration section */

/* Begin XCConfigurationList section */
		F77DA11D176A8D3D00518BC3 /* Build configuration list for PBXProject "SpaceExampleOpenGL" */ = {
			isa = XCConfigurationList;
			buildConfigurations = (
				F77DA11E176A8D3D00518BC3 /* Debug */,
				F77DA11F176A8D3D00518BC3 /* Release */,
			);
			defaultConfigurationIsVisible = 0;
			defaultConfigurationName = Release;
		};
/* End XCConfigurationList section */
	};
	rootObject = F77DA11A176A8D3D00518BC3 /* Project object */;
}
